
Microsoft Visual Studio Solution File, Format Version 12.00
# Visual Studio 15
VisualStudioVersion = 15.0.28307.329
MinimumVisualStudioVersion = 10.0.40219.1
Project("{FAE04EC0-301F-11D3-BF4B-00C04F79EFBC}") = "SecondLife.For.FastQueries", "SecondLife.For.FastQueries.csproj", "{6A246C5D-8F57-46F1-98E3-B54E884EF853}"
EndProject
Global
	GlobalSection(SolutionConfigurationPlatforms) = preSolution
		Debug|Any CPU = Debug|Any CPU
		Release|Any CPU = Release|Any CPU
	EndGlobalSection
	GlobalSection(ProjectConfigurationPlatforms) = postSolution
		{6A246C5D-8F57-46F1-98E3-B54E884EF853}.Debug|Any CPU.ActiveCfg = Debug|Any CPU
		{6A246C5D-8F57-46F1-98E3-B54E884EF853}.Debug|Any CPU.Build.0 = Debug|Any CPU
		{6A246C5D-8F57-46F1-98E3-B54E884EF853}.Release|Any CPU.ActiveCfg = Release|Any CPU
		{6A246C5D-8F57-46F1-98E3-B54E884EF853}.Release|Any CPU.Build.0 = Release|Any CPU
	EndGlobalSection
	GlobalSection(SolutionProperties) = preSolution
		HideSolutionNode = FALSE
	EndGlobalSection
	GlobalSection(ExtensibilityGlobals) = postSolution
		SolutionGuid = {26575DA4-40F4-491D-A82C-FC4D4704CC05}
	EndGlobalSection
EndGlobal
